<?xml version="1.0" encoding="utf-8"?>
<Project ToolsVersion="4.0" xmlns="http://schemas.microsoft.com/developer/msbuild/2003">
  <ItemGroup>
    <Filter Include="Source Files">
      <UniqueIdentifier>{4FC737F1-C7A5-4376-A066-2A32D752A2FF}</UniqueIdentifier>
      <Extensions>cpp;c;cc;cxx;def;odl;idl;hpj;bat;asm;asmx</Extensions>
    </Filter>
    <Filter Include="Header Files">
      <UniqueIdentifier>{93995380-89BD-4b04-88EB-625FBE52EBFB}</UniqueIdentifier>
      <Extensions>h;hh;hpp;hxx;hm;inl;inc;xsd</Extensions>
    </Filter>
    <Filter Include="Resource Files">
      <UniqueIdentifier>{67DA6AB6-F800-4c08-8B7A-83BB121AAD01}</UniqueIdentifier>
      <Extensions>rc;ico;cur;bmp;dlg;rc2;rct;bin;rgs;gif;jpg;jpeg;jpe;resx;tiff;tif;png;wav;mfcribbon-ms</Extensions>
    </Filter>
  </ItemGroup>
  <ItemGroup>
    <ClInclude Include="Math\sfMathDefs.hpp">
      <Filter>Header Files</Filter>
    </ClInclude>
    <ClInclude Include="Math\sfMatrix3.hpp">
      <Filter>Header Files</Filter>
    </ClInclude>
    <ClInclude Include="Math\sfQuaternion.hpp">
      <Filter>Header Files</Filter>
    </ClInclude>
    <ClInclude Include="Math\sfVector2.hpp">
      <Filter>Header Files</Filter>
    </ClInclude>
    <ClInclude Include="Math\sfVector3.hpp">
      <Filter>Header Files</Filter>
    </ClInclude>
    <ClInclude Include="Core\sfCore.hpp">
      <Filter>Header Files</Filter>
    </ClInclude>
    <ClInclude Include="sfProjectDefs.hpp">
      <Filter>Header Files</Filter>
    </ClInclude>
    <ClInclude Include="Math\sfMatrix4.hpp">
      <Filter>Header Files</Filter>
    </ClInclude>
    <ClInclude Include="Math\sfVector4.hpp">
      <Filter>Header Files</Filter>
    </ClInclude>
    <ClInclude Include="DataStructures\sfSlotMap.hpp">
      <Filter>Header Files</Filter>
    </ClInclude>
    <ClInclude Include="Types\sfIEntity.h">
      <Filter>Header Files</Filter>
    </ClInclude>
    <ClInclude Include="Factories\sfComponentFactory.hpp">
      <Filter>Header Files</Filter>
    </ClInclude>
    <ClInclude Include="Types\sfTypes.hpp">
      <Filter>Header Files</Filter>
    </ClInclude>
    <ClInclude Include="Components\sfTransform.hpp">
      <Filter>Header Files</Filter>
    </ClInclude>
    <ClInclude Include="Logger\sfLogger.hpp">
      <Filter>Header Files</Filter>
    </ClInclude>
    <ClInclude Include="Settings\EngineSettings.h">
      <Filter>Header Files</Filter>
    </ClInclude>
    <ClInclude Include="template.hpp">
      <Filter>Header Files</Filter>
    </ClInclude>
    <ClInclude Include="Error\sfError.hpp">
      <Filter>Header Files</Filter>
    </ClInclude>
    <ClInclude Include="sfSulfurPCH.hpp">
      <Filter>Header Files</Filter>
    </ClInclude>
  </ItemGroup>
  <ItemGroup>
    <ClCompile Include="Math\sfMatrix3.cpp">
      <Filter>Source Files</Filter>
    </ClCompile>
    <ClCompile Include="Math\sfVector2.cpp">
      <Filter>Source Files</Filter>
    </ClCompile>
    <ClCompile Include="Math\sfVector3.cpp">
      <Filter>Source Files</Filter>
    </ClCompile>
    <ClCompile Include="Core\sfCore.cpp">
      <Filter>Source Files</Filter>
    </ClCompile>
    <ClCompile Include="main.cpp">
      <Filter>Source Files</Filter>
    </ClCompile>
    <ClCompile Include="Math\sfVector4.cpp">
      <Filter>Source Files</Filter>
    </ClCompile>
    <ClCompile Include="Factories\sfComponentFactory.cpp">
      <Filter>Source Files</Filter>
    </ClCompile>
    <ClCompile Include="Components\sfTransform.cpp">
      <Filter>Source Files</Filter>
    </ClCompile>
    <ClCompile Include="sfSulfurPCH.cpp">
      <Filter>Source Files</Filter>
    </ClCompile>
    <ClCompile Include="Logger\sfLogger.cpp">
      <Filter>Source Files</Filter>
    </ClCompile>
    <ClCompile Include="Math\sfMatrix4.cpp">
      <Filter>Source Files</Filter>
    </ClCompile>
    <ClCompile Include="Math\sfQuaternion.cpp">
      <Filter>Source Files</Filter>
    </ClCompile>
  </ItemGroup>
</Project>